{
  "requires": true,
  "lockfileVersion": 1,
  "dependencies": {
    "chopstick": {
      "version": "3.0.2",
      "resolved": "https://registry.npmjs.org/chopstick/-/chopstick-3.0.2.tgz",
      "integrity": "sha512-Am+OO47SmzF55txfT2coOAWhBHIwh+hIBt+DkBA4wfNcJZwzLzsJjPvIN0w6YH+vbtoZyhmK/bHcNm5N/roz4w==",
      "requires": {
        "wear-glove": "^2.0.1"
      }
    },
    "wear-glove": {
      "version": "2.0.1",
      "resolved": "https://registry.npmjs.org/wear-glove/-/wear-glove-2.0.1.tgz",
      "integrity": "sha512-r799iHEZjuyGrkz+FXTQ8ODO5ksuEPEVIjvRp5O3r8Rjh2Nlxf66yv+uFnQYPkNVbmxr0YUSjLUr6ojVzVP7UA=="
    }
  }
}
