{
  "name": "chopstick-simple-session",
  "version": "3.0.4",
  "lockfileVersion": 1,
  "requires": true,
  "dependencies": {
    "chopstick": {
      "version": "2.0.0",
      "resolved": "https://registry.npmjs.org/chopstick/-/chopstick-2.0.0.tgz",
      "integrity": "sha512-JK1adUzY81J6bF2l11zv+L/YobaBnEwNGSMgyHHj9FOCTttj9Cxcd0GHxU8HGBp2d+q7jRcMSfuRFtNfal21qg==",
      "requires": {
        "wear-glove": "^2.0.1"
      }
    },
    "simple-unique-string": {
      "version": "1.0.0",
      "resolved": "https://registry.npmjs.org/simple-unique-string/-/simple-unique-string-1.0.0.tgz",
      "integrity": "sha512-EzumqoW0aIn1DQRKobg/AiOBUuQFix1o6+Nzl2+inpCEJJCe+4RrEaLvi2V/AINOC5R/gcvn6G/P2zd+FQQb0Q=="
    },
    "wear-glove": {
      "version": "2.0.1",
      "resolved": "https://registry.npmjs.org/wear-glove/-/wear-glove-2.0.1.tgz",
      "integrity": "sha512-r799iHEZjuyGrkz+FXTQ8ODO5ksuEPEVIjvRp5O3r8Rjh2Nlxf66yv+uFnQYPkNVbmxr0YUSjLUr6ojVzVP7UA=="
    }
  }
}
