{
  "name": "chopstick-simple-session",
  "version": "3.0.0",
  "lockfileVersion": 1,
  "requires": true,
  "dependencies": {
    "chopstick": {
      "version": "1.4.3",
      "resolved": "https://registry.npmjs.org/chopstick/-/chopstick-1.4.3.tgz",
      "integrity": "sha512-SbF2LtfoS8YqTpFq1Lpdc08eqblqDhJecuIMuuj9fmTexkyQwzk3XuW40LpTwFTtOw3PaJbCfxrTgS8+psN/kA=="
    },
    "simple-unique-string": {
      "version": "1.0.0",
      "resolved": "https://registry.npmjs.org/simple-unique-string/-/simple-unique-string-1.0.0.tgz",
      "integrity": "sha512-EzumqoW0aIn1DQRKobg/AiOBUuQFix1o6+Nzl2+inpCEJJCe+4RrEaLvi2V/AINOC5R/gcvn6G/P2zd+FQQb0Q=="
    }
  }
}
